
Microsoft Visual Studio Solution File, Format Version 12.00
# Visual Studio 15
VisualStudioVersion = 15.0.28307.136
MinimumVisualStudioVersion = 10.0.40219.1
Project("{FAE04EC0-301F-11D3-BF4B-00C04F79EFBC}") = "ShoppingCart", "ShoppingCart\ShoppingCart.csproj", "{B279FC01-25E5-4C6D-8B9B-A6B4D74AFF8C}"
EndProject
Global
	GlobalSection(SolutionConfigurationPlatforms) = preSolution
		Debug|Any CPU = Debug|Any CPU
		Release|Any CPU = Release|Any CPU
	EndGlobalSection
	GlobalSection(ProjectConfigurationPlatforms) = postSolution
		{B279FC01-25E5-4C6D-8B9B-A6B4D74AFF8C}.Debug|Any CPU.ActiveCfg = Debug|Any CPU
		{B279FC01-25E5-4C6D-8B9B-A6B4D74AFF8C}.Debug|Any CPU.Build.0 = Debug|Any CPU
		{B279FC01-25E5-4C6D-8B9B-A6B4D74AFF8C}.Release|Any CPU.ActiveCfg = Release|Any CPU
		{B279FC01-25E5-4C6D-8B9B-A6B4D74AFF8C}.Release|Any CPU.Build.0 = Release|Any CPU
	EndGlobalSection
	GlobalSection(SolutionProperties) = preSolution
		HideSolutionNode = FALSE
	EndGlobalSection
	GlobalSection(ExtensibilityGlobals) = postSolution
		SolutionGuid = {D8255D00-4844-4ECB-805D-41228C5CD3E6}
	EndGlobalSection
EndGlobal
